
Microsoft Visual Studio Solution File, Format Version 12.00
# Visual Studio 15
VisualStudioVersion = 15.0.26124.0
MinimumVisualStudioVersion = 15.0.26124.0
Project("{2150E333-8FDC-42A3-9474-1A3956D46DE8}") = "src", "src", "{2A709A2F-1604-4881-90C8-946B30CC162A}"
EndProject
Project("{FAE04EC0-301F-11D3-BF4B-00C04F79EFBC}") = "CustomerService.Core", "src\CustomerService.Core\CustomerService.Core.csproj", "{FADAD77E-B937-4EC6-9B0E-A72F64B14877}"
EndProject
Project("{FAE04EC0-301F-11D3-BF4B-00C04F79EFBC}") = "CustomerService.Infrastructure", "src\CustomerService.Infrastructure\CustomerService.Infrastructure.csproj", "{DE831C6E-A304-48F1-8BDA-65F90B205763}"
EndProject
Project("{FAE04EC0-301F-11D3-BF4B-00C04F79EFBC}") = "CustomerService.API", "src\CustomerService.API\CustomerService.API.csproj", "{082CFAD4-9574-4D49-8B1E-5B6EC6618E65}"
EndProject
Project("{FAE04EC0-301F-11D3-BF4B-00C04F79EFBC}") = "CustomerService.SPA", "src\CustomerService.SPA\CustomerService.SPA.csproj", "{1562D826-1A32-4B03-B48C-C937CE74F0D5}"
EndProject
Project("{2150E333-8FDC-42A3-9474-1A3956D46DE8}") = "test", "test", "{B55094EB-65B6-4BBE-BFE0-C8748B280BB0}"
EndProject
Project("{FAE04EC0-301F-11D3-BF4B-00C04F79EFBC}") = "IntegrationTests", "test\IntegrationTests\IntegrationTests.csproj", "{1177ACEB-BB63-45BC-B65D-2E4A3CBF5969}"
EndProject
Project("{FAE04EC0-301F-11D3-BF4B-00C04F79EFBC}") = "UnitTests", "test\UnitTests\UnitTests.csproj", "{0FDE3C5D-2427-4A92-AFCC-D4AAF68B8DD8}"
EndProject
Global
	GlobalSection(SolutionConfigurationPlatforms) = preSolution
		Debug|Any CPU = Debug|Any CPU
		Debug|x64 = Debug|x64
		Debug|x86 = Debug|x86
		Release|Any CPU = Release|Any CPU
		Release|x64 = Release|x64
		Release|x86 = Release|x86
	EndGlobalSection
	GlobalSection(SolutionProperties) = preSolution
		HideSolutionNode = FALSE
	EndGlobalSection
	GlobalSection(ProjectConfigurationPlatforms) = postSolution
		{FADAD77E-B937-4EC6-9B0E-A72F64B14877}.Debug|Any CPU.ActiveCfg = Debug|Any CPU
		{FADAD77E-B937-4EC6-9B0E-A72F64B14877}.Debug|Any CPU.Build.0 = Debug|Any CPU
		{FADAD77E-B937-4EC6-9B0E-A72F64B14877}.Debug|x64.ActiveCfg = Debug|Any CPU
		{FADAD77E-B937-4EC6-9B0E-A72F64B14877}.Debug|x64.Build.0 = Debug|Any CPU
		{FADAD77E-B937-4EC6-9B0E-A72F64B14877}.Debug|x86.ActiveCfg = Debug|Any CPU
		{FADAD77E-B937-4EC6-9B0E-A72F64B14877}.Debug|x86.Build.0 = Debug|Any CPU
		{FADAD77E-B937-4EC6-9B0E-A72F64B14877}.Release|Any CPU.ActiveCfg = Release|Any CPU
		{FADAD77E-B937-4EC6-9B0E-A72F64B14877}.Release|Any CPU.Build.0 = Release|Any CPU
		{FADAD77E-B937-4EC6-9B0E-A72F64B14877}.Release|x64.ActiveCfg = Release|Any CPU
		{FADAD77E-B937-4EC6-9B0E-A72F64B14877}.Release|x64.Build.0 = Release|Any CPU
		{FADAD77E-B937-4EC6-9B0E-A72F64B14877}.Release|x86.ActiveCfg = Release|Any CPU
		{FADAD77E-B937-4EC6-9B0E-A72F64B14877}.Release|x86.Build.0 = Release|Any CPU
		{DE831C6E-A304-48F1-8BDA-65F90B205763}.Debug|Any CPU.ActiveCfg = Debug|Any CPU
		{DE831C6E-A304-48F1-8BDA-65F90B205763}.Debug|Any CPU.Build.0 = Debug|Any CPU
		{DE831C6E-A304-48F1-8BDA-65F90B205763}.Debug|x64.ActiveCfg = Debug|Any CPU
		{DE831C6E-A304-48F1-8BDA-65F90B205763}.Debug|x64.Build.0 = Debug|Any CPU
		{DE831C6E-A304-48F1-8BDA-65F90B205763}.Debug|x86.ActiveCfg = Debug|Any CPU
		{DE831C6E-A304-48F1-8BDA-65F90B205763}.Debug|x86.Build.0 = Debug|Any CPU
		{DE831C6E-A304-48F1-8BDA-65F90B205763}.Release|Any CPU.ActiveCfg = Release|Any CPU
		{DE831C6E-A304-48F1-8BDA-65F90B205763}.Release|Any CPU.Build.0 = Release|Any CPU
		{DE831C6E-A304-48F1-8BDA-65F90B205763}.Release|x64.ActiveCfg = Release|Any CPU
		{DE831C6E-A304-48F1-8BDA-65F90B205763}.Release|x64.Build.0 = Release|Any CPU
		{DE831C6E-A304-48F1-8BDA-65F90B205763}.Release|x86.ActiveCfg = Release|Any CPU
		{DE831C6E-A304-48F1-8BDA-65F90B205763}.Release|x86.Build.0 = Release|Any CPU
		{082CFAD4-9574-4D49-8B1E-5B6EC6618E65}.Debug|Any CPU.ActiveCfg = Debug|Any CPU
		{082CFAD4-9574-4D49-8B1E-5B6EC6618E65}.Debug|Any CPU.Build.0 = Debug|Any CPU
		{082CFAD4-9574-4D49-8B1E-5B6EC6618E65}.Debug|x64.ActiveCfg = Debug|Any CPU
		{082CFAD4-9574-4D49-8B1E-5B6EC6618E65}.Debug|x64.Build.0 = Debug|Any CPU
		{082CFAD4-9574-4D49-8B1E-5B6EC6618E65}.Debug|x86.ActiveCfg = Debug|Any CPU
		{082CFAD4-9574-4D49-8B1E-5B6EC6618E65}.Debug|x86.Build.0 = Debug|Any CPU
		{082CFAD4-9574-4D49-8B1E-5B6EC6618E65}.Release|Any CPU.ActiveCfg = Release|Any CPU
		{082CFAD4-9574-4D49-8B1E-5B6EC6618E65}.Release|Any CPU.Build.0 = Release|Any CPU
		{082CFAD4-9574-4D49-8B1E-5B6EC6618E65}.Release|x64.ActiveCfg = Release|Any CPU
		{082CFAD4-9574-4D49-8B1E-5B6EC6618E65}.Release|x64.Build.0 = Release|Any CPU
		{082CFAD4-9574-4D49-8B1E-5B6EC6618E65}.Release|x86.ActiveCfg = Release|Any CPU
		{082CFAD4-9574-4D49-8B1E-5B6EC6618E65}.Release|x86.Build.0 = Release|Any CPU
		{1562D826-1A32-4B03-B48C-C937CE74F0D5}.Debug|Any CPU.ActiveCfg = Debug|Any CPU
		{1562D826-1A32-4B03-B48C-C937CE74F0D5}.Debug|Any CPU.Build.0 = Debug|Any CPU
		{1562D826-1A32-4B03-B48C-C937CE74F0D5}.Debug|x64.ActiveCfg = Debug|Any CPU
		{1562D826-1A32-4B03-B48C-C937CE74F0D5}.Debug|x64.Build.0 = Debug|Any CPU
		{1562D826-1A32-4B03-B48C-C937CE74F0D5}.Debug|x86.ActiveCfg = Debug|Any CPU
		{1562D826-1A32-4B03-B48C-C937CE74F0D5}.Debug|x86.Build.0 = Debug|Any CPU
		{1562D826-1A32-4B03-B48C-C937CE74F0D5}.Release|Any CPU.ActiveCfg = Release|Any CPU
		{1562D826-1A32-4B03-B48C-C937CE74F0D5}.Release|Any CPU.Build.0 = Release|Any CPU
		{1562D826-1A32-4B03-B48C-C937CE74F0D5}.Release|x64.ActiveCfg = Release|Any CPU
		{1562D826-1A32-4B03-B48C-C937CE74F0D5}.Release|x64.Build.0 = Release|Any CPU
		{1562D826-1A32-4B03-B48C-C937CE74F0D5}.Release|x86.ActiveCfg = Release|Any CPU
		{1562D826-1A32-4B03-B48C-C937CE74F0D5}.Release|x86.Build.0 = Release|Any CPU
		{1177ACEB-BB63-45BC-B65D-2E4A3CBF5969}.Debug|Any CPU.ActiveCfg = Debug|Any CPU
		{1177ACEB-BB63-45BC-B65D-2E4A3CBF5969}.Debug|Any CPU.Build.0 = Debug|Any CPU
		{1177ACEB-BB63-45BC-B65D-2E4A3CBF5969}.Debug|x64.ActiveCfg = Debug|Any CPU
		{1177ACEB-BB63-45BC-B65D-2E4A3CBF5969}.Debug|x64.Build.0 = Debug|Any CPU
		{1177ACEB-BB63-45BC-B65D-2E4A3CBF5969}.Debug|x86.ActiveCfg = Debug|Any CPU
		{1177ACEB-BB63-45BC-B65D-2E4A3CBF5969}.Debug|x86.Build.0 = Debug|Any CPU
		{1177ACEB-BB63-45BC-B65D-2E4A3CBF5969}.Release|Any CPU.ActiveCfg = Release|Any CPU
		{1177ACEB-BB63-45BC-B65D-2E4A3CBF5969}.Release|Any CPU.Build.0 = Release|Any CPU
		{1177ACEB-BB63-45BC-B65D-2E4A3CBF5969}.Release|x64.ActiveCfg = Release|Any CPU
		{1177ACEB-BB63-45BC-B65D-2E4A3CBF5969}.Release|x64.Build.0 = Release|Any CPU
		{1177ACEB-BB63-45BC-B65D-2E4A3CBF5969}.Release|x86.ActiveCfg = Release|Any CPU
		{1177ACEB-BB63-45BC-B65D-2E4A3CBF5969}.Release|x86.Build.0 = Release|Any CPU
		{0FDE3C5D-2427-4A92-AFCC-D4AAF68B8DD8}.Debug|Any CPU.ActiveCfg = Debug|Any CPU
		{0FDE3C5D-2427-4A92-AFCC-D4AAF68B8DD8}.Debug|Any CPU.Build.0 = Debug|Any CPU
		{0FDE3C5D-2427-4A92-AFCC-D4AAF68B8DD8}.Debug|x64.ActiveCfg = Debug|Any CPU
		{0FDE3C5D-2427-4A92-AFCC-D4AAF68B8DD8}.Debug|x64.Build.0 = Debug|Any CPU
		{0FDE3C5D-2427-4A92-AFCC-D4AAF68B8DD8}.Debug|x86.ActiveCfg = Debug|Any CPU
		{0FDE3C5D-2427-4A92-AFCC-D4AAF68B8DD8}.Debug|x86.Build.0 = Debug|Any CPU
		{0FDE3C5D-2427-4A92-AFCC-D4AAF68B8DD8}.Release|Any CPU.ActiveCfg = Release|Any CPU
		{0FDE3C5D-2427-4A92-AFCC-D4AAF68B8DD8}.Release|Any CPU.Build.0 = Release|Any CPU
		{0FDE3C5D-2427-4A92-AFCC-D4AAF68B8DD8}.Release|x64.ActiveCfg = Release|Any CPU
		{0FDE3C5D-2427-4A92-AFCC-D4AAF68B8DD8}.Release|x64.Build.0 = Release|Any CPU
		{0FDE3C5D-2427-4A92-AFCC-D4AAF68B8DD8}.Release|x86.ActiveCfg = Release|Any CPU
		{0FDE3C5D-2427-4A92-AFCC-D4AAF68B8DD8}.Release|x86.Build.0 = Release|Any CPU
	EndGlobalSection
	GlobalSection(NestedProjects) = preSolution
		{FADAD77E-B937-4EC6-9B0E-A72F64B14877} = {2A709A2F-1604-4881-90C8-946B30CC162A}
		{DE831C6E-A304-48F1-8BDA-65F90B205763} = {2A709A2F-1604-4881-90C8-946B30CC162A}
		{082CFAD4-9574-4D49-8B1E-5B6EC6618E65} = {2A709A2F-1604-4881-90C8-946B30CC162A}
		{1562D826-1A32-4B03-B48C-C937CE74F0D5} = {2A709A2F-1604-4881-90C8-946B30CC162A}
		{1177ACEB-BB63-45BC-B65D-2E4A3CBF5969} = {B55094EB-65B6-4BBE-BFE0-C8748B280BB0}
		{0FDE3C5D-2427-4A92-AFCC-D4AAF68B8DD8} = {B55094EB-65B6-4BBE-BFE0-C8748B280BB0}
	EndGlobalSection
EndGlobal
